// !$*UTF8*$!
{
	archiveVersion = 1;
	classes = {
	};
	objectVersion = 48;
	objects = {

/* Begin PBXBuildFile section */
		0106B983AF4B0062977BEA0D /* libPods-YXRequestManager.a in Frameworks */ = {isa = PBXBuildFile; fileRef = 14E296B08717D6F54B329F69 /* libPods-YXRequestManager.a */; };
		53220D6B200C87EC00ADEBAD /* NSString+Hash.m in Sources */ = {isa = PBXBuildFile; fileRef = 53220D65200C87EC00ADEBAD /* NSString+Hash.m */; };
		53220D6C200C87EC00ADEBAD /* AESTool.m in Sources */ = {isa = PBXBuildFile; fileRef = 53220D66200C87EC00ADEBAD /* AESTool.m */; };
		53220D6D200C87EC00ADEBAD /* NSData+Encryption.m in Sources */ = {isa = PBXBuildFile; fileRef = 53220D67200C87EC00ADEBAD /* NSData+Encryption.m */; };
		53607D401FE2A72E0034EAC8 /* YXLoadingView.m in Sources */ = {isa = PBXBuildFile; fileRef = 53607D3C1FE2A72E0034EAC8 /* YXLoadingView.m */; };
		537AC6141FE521CE0017F341 /* YXRequestManagerAssets.xcassets in Resources */ = {isa = PBXBuildFile; fileRef = 537AC6131FE521CE0017F341 /* YXRequestManagerAssets.xcassets */; };
		53EB68331FDA755700416611 /* AppDelegate.m in Sources */ = {isa = PBXBuildFile; fileRef = 53EB68321FDA755700416611 /* AppDelegate.m */; };
		53EB68361FDA755700416611 /* ViewController.m in Sources */ = {isa = PBXBuildFile; fileRef = 53EB68351FDA755700416611 /* ViewController.m */; };
		53EB68391FDA755700416611 /* Main.storyboard in Resources */ = {isa = PBXBuildFile; fileRef = 53EB68371FDA755700416611 /* Main.storyboard */; };
		53EB683B1FDA755700416611 /* Assets.xcassets in Resources */ = {isa = PBXBuildFile; fileRef = 53EB683A1FDA755700416611 /* Assets.xcassets */; };
		53EB683E1FDA755700416611 /* LaunchScreen.storyboard in Resources */ = {isa = PBXBuildFile; fileRef = 53EB683C1FDA755700416611 /* LaunchScreen.storyboard */; };
		53EB68411FDA755800416611 /* main.m in Sources */ = {isa = PBXBuildFile; fileRef = 53EB68401FDA755800416611 /* main.m */; };
		53EB685E1FDA75E900416611 /* YXCacheCenter.m in Sources */ = {isa = PBXBuildFile; fileRef = 53EB684D1FDA75E800416611 /* YXCacheCenter.m */; };
		53EB685F1FDA75E900416611 /* YXRequestApi.m in Sources */ = {isa = PBXBuildFile; fileRef = 53EB684F1FDA75E800416611 /* YXRequestApi.m */; };
		53EB68601FDA75E900416611 /* YXBaseRequestApi.m in Sources */ = {isa = PBXBuildFile; fileRef = 53EB68501FDA75E800416611 /* YXBaseRequestApi.m */; };
		53EB68611FDA75E900416611 /* YXRequestClient.m in Sources */ = {isa = PBXBuildFile; fileRef = 53EB68521FDA75E800416611 /* YXRequestClient.m */; };
		53EB68621FDA75E900416611 /* YXRequestConfig.m in Sources */ = {isa = PBXBuildFile; fileRef = 53EB68541FDA75E800416611 /* YXRequestConfig.m */; };
		53EB68631FDA75E900416611 /* YXRequestChain.m in Sources */ = {isa = PBXBuildFile; fileRef = 53EB68581FDA75E800416611 /* YXRequestChain.m */; };
		53EB68641FDA75E900416611 /* YXRequestManager.m in Sources */ = {isa = PBXBuildFile; fileRef = 53EB685B1FDA75E800416611 /* YXRequestManager.m */; };
/* End PBXBuildFile section */

/* Begin PBXFileReference section */
		14E296B08717D6F54B329F69 /* libPods-YXRequestManager.a */ = {isa = PBXFileReference; explicitFileType = archive.ar; includeInIndex = 0; path = "libPods-YXRequestManager.a"; sourceTree = BUILT_PRODUCTS_DIR; };
		314DEF5C30152972C2509C58 /* Pods-YXRequestManage.release.xcconfig */ = {isa = PBXFileReference; includeInIndex = 1; lastKnownFileType = text.xcconfig; name = "Pods-YXRequestManage.release.xcconfig"; path = "Pods/Target Support Files/Pods-YXRequestManage/Pods-YXRequestManage.release.xcconfig"; sourceTree = "<group>"; };
		44AE6E95F62B3A27B7A77152 /* Pods-YXRequestManager.debug.xcconfig */ = {isa = PBXFileReference; includeInIndex = 1; lastKnownFileType = text.xcconfig; name = "Pods-YXRequestManager.debug.xcconfig"; path = "Pods/Target Support Files/Pods-YXRequestManager/Pods-YXRequestManager.debug.xcconfig"; sourceTree = "<group>"; };
		53220D65200C87EC00ADEBAD /* NSString+Hash.m */ = {isa = PBXFileReference; fileEncoding = 4; lastKnownFileType = sourcecode.c.objc; path = "NSString+Hash.m"; sourceTree = "<group>"; };
		53220D66200C87EC00ADEBAD /* AESTool.m */ = {isa = PBXFileReference; fileEncoding = 4; lastKnownFileType = sourcecode.c.objc; path = AESTool.m; sourceTree = "<group>"; };
		53220D67200C87EC00ADEBAD /* NSData+Encryption.m */ = {isa = PBXFileReference; fileEncoding = 4; lastKnownFileType = sourcecode.c.objc; path = "NSData+Encryption.m"; sourceTree = "<group>"; };
		53220D68200C87EC00ADEBAD /* NSString+Hash.h */ = {isa = PBXFileReference; fileEncoding = 4; lastKnownFileType = sourcecode.c.h; path = "NSString+Hash.h"; sourceTree = "<group>"; };
		53220D69200C87EC00ADEBAD /* AESTool.h */ = {isa = PBXFileReference; fileEncoding = 4; lastKnownFileType = sourcecode.c.h; path = AESTool.h; sourceTree = "<group>"; };
		53220D6A200C87EC00ADEBAD /* NSData+Encryption.h */ = {isa = PBXFileReference; fileEncoding = 4; lastKnownFileType = sourcecode.c.h; path = "NSData+Encryption.h"; sourceTree = "<group>"; };
		53607D3B1FE2A72E0034EAC8 /* YXLoadingView.h */ = {isa = PBXFileReference; fileEncoding = 4; lastKnownFileType = sourcecode.c.h; path = YXLoadingView.h; sourceTree = "<group>"; };
		53607D3C1FE2A72E0034EAC8 /* YXLoadingView.m */ = {isa = PBXFileReference; fileEncoding = 4; lastKnownFileType = sourcecode.c.objc; path = YXLoadingView.m; sourceTree = "<group>"; };
		537AC6131FE521CE0017F341 /* YXRequestManagerAssets.xcassets */ = {isa = PBXFileReference; lastKnownFileType = folder.assetcatalog; path = YXRequestManagerAssets.xcassets; sourceTree = "<group>"; };
		538CFF711FDE204B007C1FEA /* Info.plist */ = {isa = PBXFileReference; fileEncoding = 4; lastKnownFileType = text.plist.xml; path = Info.plist; sourceTree = "<group>"; };
		53EB682E1FDA755700416611 /* YXRequestManager.app */ = {isa = PBXFileReference; explicitFileType = wrapper.application; includeInIndex = 0; path = YXRequestManager.app; sourceTree = BUILT_PRODUCTS_DIR; };
		53EB68311FDA755700416611 /* AppDelegate.h */ = {isa = PBXFileReference; lastKnownFileType = sourcecode.c.h; path = AppDelegate.h; sourceTree = "<group>"; };
		53EB68321FDA755700416611 /* AppDelegate.m */ = {isa = PBXFileReference; lastKnownFileType = sourcecode.c.objc; path = AppDelegate.m; sourceTree = "<group>"; };
		53EB68341FDA755700416611 /* ViewController.h */ = {isa = PBXFileReference; lastKnownFileType = sourcecode.c.h; path = ViewController.h; sourceTree = "<group>"; };
		53EB68351FDA755700416611 /* ViewController.m */ = {isa = PBXFileReference; lastKnownFileType = sourcecode.c.objc; path = ViewController.m; sourceTree = "<group>"; };
		53EB68381FDA755700416611 /* Base */ = {isa = PBXFileReference; lastKnownFileType = file.storyboard; name = Base; path = Base.lproj/Main.storyboard; sourceTree = "<group>"; };
		53EB683A1FDA755700416611 /* Assets.xcassets */ = {isa = PBXFileReference; lastKnownFileType = folder.assetcatalog; path = Assets.xcassets; sourceTree = "<group>"; };
		53EB683D1FDA755700416611 /* Base */ = {isa = PBXFileReference; lastKnownFileType = file.storyboard; name = Base; path = Base.lproj/LaunchScreen.storyboard; sourceTree = "<group>"; };
		53EB68401FDA755800416611 /* main.m */ = {isa = PBXFileReference; lastKnownFileType = sourcecode.c.objc; path = main.m; sourceTree = "<group>"; };
		53EB684C1FDA75E800416611 /* YXCacheCenter.h */ = {isa = PBXFileReference; fileEncoding = 4; lastKnownFileType = sourcecode.c.h; path = YXCacheCenter.h; sourceTree = "<group>"; };
		53EB684D1FDA75E800416611 /* YXCacheCenter.m */ = {isa = PBXFileReference; fileEncoding = 4; lastKnownFileType = sourcecode.c.objc; path = YXCacheCenter.m; sourceTree = "<group>"; };
		53EB684F1FDA75E800416611 /* YXRequestApi.m */ = {isa = PBXFileReference; fileEncoding = 4; lastKnownFileType = sourcecode.c.objc; path = YXRequestApi.m; sourceTree = "<group>"; };
		53EB68501FDA75E800416611 /* YXBaseRequestApi.m */ = {isa = PBXFileReference; fileEncoding = 4; lastKnownFileType = sourcecode.c.objc; path = YXBaseRequestApi.m; sourceTree = "<group>"; };
		53EB68511FDA75E800416611 /* YXRequestChain.h */ = {isa = PBXFileReference; fileEncoding = 4; lastKnownFileType = sourcecode.c.h; path = YXRequestChain.h; sourceTree = "<group>"; };
		53EB68521FDA75E800416611 /* YXRequestClient.m */ = {isa = PBXFileReference; fileEncoding = 4; lastKnownFileType = sourcecode.c.objc; path = YXRequestClient.m; sourceTree = "<group>"; };
		53EB68531FDA75E800416611 /* YXRequestManager.h */ = {isa = PBXFileReference; fileEncoding = 4; lastKnownFileType = sourcecode.c.h; path = YXRequestManager.h; sourceTree = "<group>"; };
		53EB68541FDA75E800416611 /* YXRequestConfig.m */ = {isa = PBXFileReference; fileEncoding = 4; lastKnownFileType = sourcecode.c.objc; path = YXRequestConfig.m; sourceTree = "<group>"; };
		53EB68551FDA75E800416611 /* YXBaseRequestApi.h */ = {isa = PBXFileReference; fileEncoding = 4; lastKnownFileType = sourcecode.c.h; path = YXBaseRequestApi.h; sourceTree = "<group>"; };
		53EB68561FDA75E800416611 /* YXRequest.h */ = {isa = PBXFileReference; fileEncoding = 4; lastKnownFileType = sourcecode.c.h; path = YXRequest.h; sourceTree = "<group>"; };
		53EB68571FDA75E800416611 /* YXRequestApi.h */ = {isa = PBXFileReference; fileEncoding = 4; lastKnownFileType = sourcecode.c.h; path = YXRequestApi.h; sourceTree = "<group>"; };
		53EB68581FDA75E800416611 /* YXRequestChain.m */ = {isa = PBXFileReference; fileEncoding = 4; lastKnownFileType = sourcecode.c.objc; path = YXRequestChain.m; sourceTree = "<group>"; };
		53EB68591FDA75E800416611 /* YXRequestClient.h */ = {isa = PBXFileReference; fileEncoding = 4; lastKnownFileType = sourcecode.c.h; path = YXRequestClient.h; sourceTree = "<group>"; };
		53EB685A1FDA75E800416611 /* YXRequestConfig.h */ = {isa = PBXFileReference; fileEncoding = 4; lastKnownFileType = sourcecode.c.h; path = YXRequestConfig.h; sourceTree = "<group>"; };
		53EB685B1FDA75E800416611 /* YXRequestManager.m */ = {isa = PBXFileReference; fileEncoding = 4; lastKnownFileType = sourcecode.c.objc; path = YXRequestManager.m; sourceTree = "<group>"; };
		5A37E63D88BD606DAED3CCA8 /* libPods-YXRequestManage.a */ = {isa = PBXFileReference; explicitFileType = archive.ar; includeInIndex = 0; path = "libPods-YXRequestManage.a"; sourceTree = BUILT_PRODUCTS_DIR; };
		7A8C1B84370B0E964EED3480 /* Pods-YXRequestManage.debug.xcconfig */ = {isa = PBXFileReference; includeInIndex = 1; lastKnownFileType = text.xcconfig; name = "Pods-YXRequestManage.debug.xcconfig"; path = "Pods/Target Support Files/Pods-YXRequestManage/Pods-YXRequestManage.debug.xcconfig"; sourceTree = "<group>"; };
		D71602C2A1F3309493EFBB57 /* Pods-YXRequestManager.release.xcconfig */ = {isa = PBXFileReference; includeInIndex = 1; lastKnownFileType = text.xcconfig; name = "Pods-YXRequestManager.release.xcconfig"; path = "Pods/Target Support Files/Pods-YXRequestManager/Pods-YXRequestManager.release.xcconfig"; sourceTree = "<group>"; };
/* End PBXFileReference section */

/* Begin PBXFrameworksBuildPhase section */
		53EB682B1FDA755700416611 /* Frameworks */ = {
			isa = PBXFrameworksBuildPhase;
			buildActionMask = 2147483647;
			files = (
				0106B983AF4B0062977BEA0D /* libPods-YXRequestManager.a in Frameworks */,
			);
			runOnlyForDeploymentPostprocessing = 0;
		};
/* End PBXFrameworksBuildPhase section */

/* Begin PBXGroup section */
		53220D64200C87EC00ADEBAD /* AESCategory */ = {
			isa = PBXGroup;
			children = (
				53220D69200C87EC00ADEBAD /* AESTool.h */,
				53220D66200C87EC00ADEBAD /* AESTool.m */,
				53220D6A200C87EC00ADEBAD /* NSData+Encryption.h */,
				53220D67200C87EC00ADEBAD /* NSData+Encryption.m */,
				53220D68200C87EC00ADEBAD /* NSString+Hash.h */,
				53220D65200C87EC00ADEBAD /* NSString+Hash.m */,
			);
			path = AESCategory;
			sourceTree = "<group>";
		};
		53EB68251FDA755700416611 = {
			isa = PBXGroup;
			children = (
				53EB68301FDA755700416611 /* YXRequestManager */,
				53EB682F1FDA755700416611 /* Products */,
				FA052C5F1395296030A831B2 /* Pods */,
				AD296EFAF29EA1136D9CD262 /* Frameworks */,
			);
			sourceTree = "<group>";
		};
		53EB682F1FDA755700416611 /* Products */ = {
			isa = PBXGroup;
			children = (
				53EB682E1FDA755700416611 /* YXRequestManager.app */,
			);
			name = Products;
			sourceTree = "<group>";
		};
		53EB68301FDA755700416611 /* YXRequestManager */ = {
			isa = PBXGroup;
			children = (
				538CFF711FDE204B007C1FEA /* Info.plist */,
				53EB684A1FDA75E800416611 /* Classes */,
				53EB68311FDA755700416611 /* AppDelegate.h */,
				53EB68321FDA755700416611 /* AppDelegate.m */,
				53EB68341FDA755700416611 /* ViewController.h */,
				53EB68351FDA755700416611 /* ViewController.m */,
				53EB68371FDA755700416611 /* Main.storyboard */,
				53EB683A1FDA755700416611 /* Assets.xcassets */,
				53EB683C1FDA755700416611 /* LaunchScreen.storyboard */,
				53EB68401FDA755800416611 /* main.m */,
			);
			path = YXRequestManager;
			sourceTree = "<group>";
		};
		53EB684A1FDA75E800416611 /* Classes */ = {
			isa = PBXGroup;
			children = (
				537AC6131FE521CE0017F341 /* YXRequestManagerAssets.xcassets */,
				53220D64200C87EC00ADEBAD /* AESCategory */,
				53EB684B1FDA75E800416611 /* YXCache */,
				53EB684E1FDA75E800416611 /* YXRequest */,
			);
			path = Classes;
			sourceTree = "<group>";
		};
		53EB684B1FDA75E800416611 /* YXCache */ = {
			isa = PBXGroup;
			children = (
				53EB684C1FDA75E800416611 /* YXCacheCenter.h */,
				53EB684D1FDA75E800416611 /* YXCacheCenter.m */,
			);
			path = YXCache;
			sourceTree = "<group>";
		};
		53EB684E1FDA75E800416611 /* YXRequest */ = {
			isa = PBXGroup;
			children = (
				53EB68551FDA75E800416611 /* YXBaseRequestApi.h */,
				53EB68501FDA75E800416611 /* YXBaseRequestApi.m */,
				53607D3B1FE2A72E0034EAC8 /* YXLoadingView.h */,
				53607D3C1FE2A72E0034EAC8 /* YXLoadingView.m */,
				53EB68561FDA75E800416611 /* YXRequest.h */,
				53EB68571FDA75E800416611 /* YXRequestApi.h */,
				53EB684F1FDA75E800416611 /* YXRequestApi.m */,
				53EB68511FDA75E800416611 /* YXRequestChain.h */,
				53EB68581FDA75E800416611 /* YXRequestChain.m */,
				53EB68591FDA75E800416611 /* YXRequestClient.h */,
				53EB68521FDA75E800416611 /* YXRequestClient.m */,
				53EB685A1FDA75E800416611 /* YXRequestConfig.h */,
				53EB68541FDA75E800416611 /* YXRequestConfig.m */,
				53EB68531FDA75E800416611 /* YXRequestManager.h */,
				53EB685B1FDA75E800416611 /* YXRequestManager.m */,
			);
			path = YXRequest;
			sourceTree = "<group>";
		};
		AD296EFAF29EA1136D9CD262 /* Frameworks */ = {
			isa = PBXGroup;
			children = (
				5A37E63D88BD606DAED3CCA8 /* libPods-YXRequestManage.a */,
				14E296B08717D6F54B329F69 /* libPods-YXRequestManager.a */,
			);
			name = Frameworks;
			sourceTree = "<group>";
		};
		FA052C5F1395296030A831B2 /* Pods */ = {
			isa = PBXGroup;
			children = (
				7A8C1B84370B0E964EED3480 /* Pods-YXRequestManage.debug.xcconfig */,
				314DEF5C30152972C2509C58 /* Pods-YXRequestManage.release.xcconfig */,
				44AE6E95F62B3A27B7A77152 /* Pods-YXRequestManager.debug.xcconfig */,
				D71602C2A1F3309493EFBB57 /* Pods-YXRequestManager.release.xcconfig */,
			);
			name = Pods;
			sourceTree = "<group>";
		};
/* End PBXGroup section */

/* Begin PBXNativeTarget section */
		53EB682D1FDA755700416611 /* YXRequestManager */ = {
			isa = PBXNativeTarget;
			buildConfigurationList = 53EB68441FDA755800416611 /* Build configuration list for PBXNativeTarget "YXRequestManager" */;
			buildPhases = (
				20DFB2F9A894A496270CA986 /* [CP] Check Pods Manifest.lock */,
				53EB682A1FDA755700416611 /* Sources */,
				53EB682B1FDA755700416611 /* Frameworks */,
				53EB682C1FDA755700416611 /* Resources */,
				1E558EDF89507C2D0C242970 /* [CP] Copy Pods Resources */,
			);
			buildRules = (
			);
			dependencies = (
			);
			name = YXRequestManager;
			productName = YXRequestManage;
			productReference = 53EB682E1FDA755700416611 /* YXRequestManager.app */;
			productType = "com.apple.product-type.application";
		};
/* End PBXNativeTarget section */

/* Begin PBXProject section */
		53EB68261FDA755700416611 /* Project object */ = {
			isa = PBXProject;
			attributes = {
				LastUpgradeCheck = 0920;
				ORGANIZATIONNAME = "郏国上";
				TargetAttributes = {
					53EB682D1FDA755700416611 = {
						CreatedOnToolsVersion = 9.1;
						ProvisioningStyle = Automatic;
					};
				};
			};
			buildConfigurationList = 53EB68291FDA755700416611 /* Build configuration list for PBXProject "YXRequestManager" */;
			compatibilityVersion = "Xcode 8.0";
			developmentRegion = en;
			hasScannedForEncodings = 0;
			knownRegions = (
				en,
				Base,
			);
			mainGroup = 53EB68251FDA755700416611;
			productRefGroup = 53EB682F1FDA755700416611 /* Products */;
			projectDirPath = "";
			projectRoot = "";
			targets = (
				53EB682D1FDA755700416611 /* YXRequestManager */,
			);
		};
/* End PBXProject section */

/* Begin PBXResourcesBuildPhase section */
		53EB682C1FDA755700416611 /* Resources */ = {
			isa = PBXResourcesBuildPhase;
			buildActionMask = 2147483647;
			files = (
				53EB683E1FDA755700416611 /* LaunchScreen.storyboard in Resources */,
				537AC6141FE521CE0017F341 /* YXRequestManagerAssets.xcassets in Resources */,
				53EB683B1FDA755700416611 /* Assets.xcassets in Resources */,
				53EB68391FDA755700416611 /* Main.storyboard in Resources */,
			);
			runOnlyForDeploymentPostprocessing = 0;
		};
/* End PBXResourcesBuildPhase section */

/* Begin PBXShellScriptBuildPhase section */
		1E558EDF89507C2D0C242970 /* [CP] Copy Pods Resources */ = {
			isa = PBXShellScriptBuildPhase;
			buildActionMask = 2147483647;
			files = (
			);
			inputPaths = (
				"${SRCROOT}/Pods/Target Support Files/Pods-YXRequestManager/Pods-YXRequestManager-resources.sh",
				"${PODS_ROOT}/SAMKeychain/Support/SAMKeychain.bundle",
			);
			name = "[CP] Copy Pods Resources";
			outputPaths = (
				"${TARGET_BUILD_DIR}/${UNLOCALIZED_RESOURCES_FOLDER_PATH}/SAMKeychain.bundle",
			);
			runOnlyForDeploymentPostprocessing = 0;
			shellPath = /bin/sh;
			shellScript = "\"${SRCROOT}/Pods/Target Support Files/Pods-YXRequestManager/Pods-YXRequestManager-resources.sh\"\n";
			showEnvVarsInLog = 0;
		};
		20DFB2F9A894A496270CA986 /* [CP] Check Pods Manifest.lock */ = {
			isa = PBXShellScriptBuildPhase;
			buildActionMask = 2147483647;
			files = (
			);
			inputPaths = (
				"${PODS_PODFILE_DIR_PATH}/Podfile.lock",
				"${PODS_ROOT}/Manifest.lock",
			);
			name = "[CP] Check Pods Manifest.lock";
			outputPaths = (
				"$(DERIVED_FILE_DIR)/Pods-YXRequestManager-checkManifestLockResult.txt",
			);
			runOnlyForDeploymentPostprocessing = 0;
			shellPath = /bin/sh;
			shellScript = "diff \"${PODS_PODFILE_DIR_PATH}/Podfile.lock\" \"${PODS_ROOT}/Manifest.lock\" > /dev/null\nif [ $? != 0 ] ; then\n    # print error to STDERR\n    echo \"error: The sandbox is not in sync with the Podfile.lock. Run 'pod install' or update your CocoaPods installation.\" >&2\n    exit 1\nfi\n# This output is used by Xcode 'outputs' to avoid re-running this script phase.\necho \"SUCCESS\" > \"${SCRIPT_OUTPUT_FILE_0}\"\n";
			showEnvVarsInLog = 0;
		};
/* End PBXShellScriptBuildPhase section */

/* Begin PBXSourcesBuildPhase section */
		53EB682A1FDA755700416611 /* Sources */ = {
			isa = PBXSourcesBuildPhase;
			buildActionMask = 2147483647;
			files = (
				53EB68611FDA75E900416611 /* YXRequestClient.m in Sources */,
				53220D6B200C87EC00ADEBAD /* NSString+Hash.m in Sources */,
				53EB685F1FDA75E900416611 /* YXRequestApi.m in Sources */,
				53EB685E1FDA75E900416611 /* YXCacheCenter.m in Sources */,
				53EB68601FDA75E900416611 /* YXBaseRequestApi.m in Sources */,
				53EB68621FDA75E900416611 /* YXRequestConfig.m in Sources */,
				53EB68631FDA75E900416611 /* YXRequestChain.m in Sources */,
				53220D6C200C87EC00ADEBAD /* AESTool.m in Sources */,
				53EB68641FDA75E900416611 /* YXRequestManager.m in Sources */,
				53EB68361FDA755700416611 /* ViewController.m in Sources */,
				53EB68411FDA755800416611 /* main.m in Sources */,
				53220D6D200C87EC00ADEBAD /* NSData+Encryption.m in Sources */,
				53607D401FE2A72E0034EAC8 /* YXLoadingView.m in Sources */,
				53EB68331FDA755700416611 /* AppDelegate.m in Sources */,
			);
			runOnlyForDeploymentPostprocessing = 0;
		};
/* End PBXSourcesBuildPhase section */

/* Begin PBXVariantGroup section */
		53EB68371FDA755700416611 /* Main.storyboard */ = {
			isa = PBXVariantGroup;
			children = (
				53EB68381FDA755700416611 /* Base */,
			);
			name = Main.storyboard;
			sourceTree = "<group>";
		};
		53EB683C1FDA755700416611 /* LaunchScreen.storyboard */ = {
			isa = PBXVariantGroup;
			children = (
				53EB683D1FDA755700416611 /* Base */,
			);
			name = LaunchScreen.storyboard;
			sourceTree = "<group>";
		};
/* End PBXVariantGroup section */

/* Begin XCBuildConfiguration section */
		53EB68421FDA755800416611 /* Debug */ = {
			isa = XCBuildConfiguration;
			buildSettings = {
				ALWAYS_SEARCH_USER_PATHS = NO;
				CLANG_ANALYZER_NONNULL = YES;
				CLANG_ANALYZER_NUMBER_OBJECT_CONVERSION = YES_AGGRESSIVE;
				CLANG_CXX_LANGUAGE_STANDARD = "gnu++14";
				CLANG_CXX_LIBRARY = "libc++";
				CLANG_ENABLE_MODULES = YES;
				CLANG_ENABLE_OBJC_ARC = YES;
				CLANG_WARN_BLOCK_CAPTURE_AUTORELEASING = YES;
				CLANG_WARN_BOOL_CONVERSION = YES;
				CLANG_WARN_COMMA = YES;
				CLANG_WARN_CONSTANT_CONVERSION = YES;
				CLANG_WARN_DIRECT_OBJC_ISA_USAGE = YES_ERROR;
				CLANG_WARN_DOCUMENTATION_COMMENTS = YES;
				CLANG_WARN_EMPTY_BODY = YES;
				CLANG_WARN_ENUM_CONVERSION = YES;
				CLANG_WARN_INFINITE_RECURSION = YES;
				CLANG_WARN_INT_CONVERSION = YES;
				CLANG_WARN_NON_LITERAL_NULL_CONVERSION = YES;
				CLANG_WARN_OBJC_LITERAL_CONVERSION = YES;
				CLANG_WARN_OBJC_ROOT_CLASS = YES_ERROR;
				CLANG_WARN_RANGE_LOOP_ANALYSIS = YES;
				CLANG_WARN_STRICT_PROTOTYPES = YES;
				CLANG_WARN_SUSPICIOUS_MOVE = YES;
				CLANG_WARN_UNGUARDED_AVAILABILITY = YES_AGGRESSIVE;
				CLANG_WARN_UNREACHABLE_CODE = YES;
				CLANG_WARN__DUPLICATE_METHOD_MATCH = YES;
				CODE_SIGN_IDENTITY = "iPhone Developer";
				COPY_PHASE_STRIP = NO;
				DEBUG_INFORMATION_FORMAT = dwarf;
				ENABLE_STRICT_OBJC_MSGSEND = YES;
				ENABLE_TESTABILITY = YES;
				GCC_C_LANGUAGE_STANDARD = gnu11;
				GCC_DYNAMIC_NO_PIC = NO;
				GCC_NO_COMMON_BLOCKS = YES;
				GCC_OPTIMIZATION_LEVEL = 0;
				GCC_PREPROCESSOR_DEFINITIONS = (
					"DEBUG=1",
					"$(inherited)",
				);
				GCC_WARN_64_TO_32_BIT_CONVERSION = YES;
				GCC_WARN_ABOUT_RETURN_TYPE = YES_ERROR;
				GCC_WARN_UNDECLARED_SELECTOR = YES;
				GCC_WARN_UNINITIALIZED_AUTOS = YES_AGGRESSIVE;
				GCC_WARN_UNUSED_FUNCTION = YES;
				GCC_WARN_UNUSED_VARIABLE = YES;
				IPHONEOS_DEPLOYMENT_TARGET = 11.1;
				MTL_ENABLE_DEBUG_INFO = YES;
				ONLY_ACTIVE_ARCH = YES;
				SDKROOT = iphoneos;
			};
			name = Debug;
		};
		53EB68431FDA755800416611 /* Release */ = {
			isa = XCBuildConfiguration;
			buildSettings = {
				ALWAYS_SEARCH_USER_PATHS = NO;
				CLANG_ANALYZER_NONNULL = YES;
				CLANG_ANALYZER_NUMBER_OBJECT_CONVERSION = YES_AGGRESSIVE;
				CLANG_CXX_LANGUAGE_STANDARD = "gnu++14";
				CLANG_CXX_LIBRARY = "libc++";
				CLANG_ENABLE_MODULES = YES;
				CLANG_ENABLE_OBJC_ARC = YES;
				CLANG_WARN_BLOCK_CAPTURE_AUTORELEASING = YES;
				CLANG_WARN_BOOL_CONVERSION = YES;
				CLANG_WARN_COMMA = YES;
				CLANG_WARN_CONSTANT_CONVERSION = YES;
				CLANG_WARN_DIRECT_OBJC_ISA_USAGE = YES_ERROR;
				CLANG_WARN_DOCUMENTATION_COMMENTS = YES;
				CLANG_WARN_EMPTY_BODY = YES;
				CLANG_WARN_ENUM_CONVERSION = YES;
				CLANG_WARN_INFINITE_RECURSION = YES;
				CLANG_WARN_INT_CONVERSION = YES;
				CLANG_WARN_NON_LITERAL_NULL_CONVERSION = YES;
				CLANG_WARN_OBJC_LITERAL_CONVERSION = YES;
				CLANG_WARN_OBJC_ROOT_CLASS = YES_ERROR;
				CLANG_WARN_RANGE_LOOP_ANALYSIS = YES;
				CLANG_WARN_STRICT_PROTOTYPES = YES;
				CLANG_WARN_SUSPICIOUS_MOVE = YES;
				CLANG_WARN_UNGUARDED_AVAILABILITY = YES_AGGRESSIVE;
				CLANG_WARN_UNREACHABLE_CODE = YES;
				CLANG_WARN__DUPLICATE_METHOD_MATCH = YES;
				CODE_SIGN_IDENTITY = "iPhone Developer";
				COPY_PHASE_STRIP = NO;
				DEBUG_INFORMATION_FORMAT = "dwarf-with-dsym";
				ENABLE_NS_ASSERTIONS = NO;
				ENABLE_STRICT_OBJC_MSGSEND = YES;
				GCC_C_LANGUAGE_STANDARD = gnu11;
				GCC_NO_COMMON_BLOCKS = YES;
				GCC_WARN_64_TO_32_BIT_CONVERSION = YES;
				GCC_WARN_ABOUT_RETURN_TYPE = YES_ERROR;
				GCC_WARN_UNDECLARED_SELECTOR = YES;
				GCC_WARN_UNINITIALIZED_AUTOS = YES_AGGRESSIVE;
				GCC_WARN_UNUSED_FUNCTION = YES;
				GCC_WARN_UNUSED_VARIABLE = YES;
				IPHONEOS_DEPLOYMENT_TARGET = 11.1;
				MTL_ENABLE_DEBUG_INFO = NO;
				SDKROOT = iphoneos;
				VALIDATE_PRODUCT = YES;
			};
			name = Release;
		};
		53EB68451FDA755800416611 /* Debug */ = {
			isa = XCBuildConfiguration;
			baseConfigurationReference = 44AE6E95F62B3A27B7A77152 /* Pods-YXRequestManager.debug.xcconfig */;
			buildSettings = {
				ASSETCATALOG_COMPILER_APPICON_NAME = AppIcon;
				CODE_SIGN_STYLE = Automatic;
				DEVELOPMENT_TEAM = 5P525FR3YV;
				INFOPLIST_FILE = YXRequestManager/Info.plist;
				LD_RUNPATH_SEARCH_PATHS = "$(inherited) @executable_path/Frameworks";
				ONLY_ACTIVE_ARCH = NO;
				PRODUCT_BUNDLE_IDENTIFIER = YiXiang.YXRequestManager;
				PRODUCT_NAME = "$(TARGET_NAME)";
				TARGETED_DEVICE_FAMILY = "1,2";
			};
			name = Debug;
		};
		53EB68461FDA755800416611 /* Release */ = {
			isa = XCBuildConfiguration;
			baseConfigurationReference = D71602C2A1F3309493EFBB57 /* Pods-YXRequestManager.release.xcconfig */;
			buildSettings = {
				ASSETCATALOG_COMPILER_APPICON_NAME = AppIcon;
				CODE_SIGN_STYLE = Automatic;
				DEVELOPMENT_TEAM = 5P525FR3YV;
				INFOPLIST_FILE = YXRequestManager/Info.plist;
				LD_RUNPATH_SEARCH_PATHS = "$(inherited) @executable_path/Frameworks";
				PRODUCT_BUNDLE_IDENTIFIER = YiXiang.YXRequestManager;
				PRODUCT_NAME = "$(TARGET_NAME)";
				TARGETED_DEVICE_FAMILY = "1,2";
			};
			name = Release;
		};
/* End XCBuildConfiguration section */

/* Begin XCConfigurationList section */
		53EB68291FDA755700416611 /* Build configuration list for PBXProject "YXRequestManager" */ = {
			isa = XCConfigurationList;
			buildConfigurations = (
				53EB68421FDA755800416611 /* Debug */,
				53EB68431FDA755800416611 /* Release */,
			);
			defaultConfigurationIsVisible = 0;
			defaultConfigurationName = Release;
		};
		53EB68441FDA755800416611 /* Build configuration list for PBXNativeTarget "YXRequestManager" */ = {
			isa = XCConfigurationList;
			buildConfigurations = (
				53EB68451FDA755800416611 /* Debug */,
				53EB68461FDA755800416611 /* Release */,
			);
			defaultConfigurationIsVisible = 0;
			defaultConfigurationName = Release;
		};
/* End XCConfigurationList section */
	};
	rootObject = 53EB68261FDA755700416611 /* Project object */;
}
